
Microsoft Visual Studio Solution File, Format Version 12.00
# Visual Studio 15
VisualStudioVersion = 15.0.28307.1231
MinimumVisualStudioVersion = 10.0.40219.1
Project("{FAE04EC0-301F-11D3-BF4B-00C04F79EFBC}") = "DC.SF.Model", "DC.SF.Model\DC.SF.Model.csproj", "{A785B061-7D44-40C0-B906-7794FA87801E}"
EndProject
Project("{FAE04EC0-301F-11D3-BF4B-00C04F79EFBC}") = "DC.SF.BLL", "DC.SF.BLL\DC.SF.BLL.csproj", "{E4E6AACC-C5ED-4499-8D83-DA1D9D7F469D}"
EndProject
Project("{FAE04EC0-301F-11D3-BF4B-00C04F79EFBC}") = "DC.SF.DAL", "DC.SF.DAL\DC.SF.DAL.csproj", "{9B4FD94C-02DB-4D4D-9804-89FAA3FA284E}"
EndProject
Project("{FAE04EC0-301F-11D3-BF4B-00C04F79EFBC}") = "DC.SF.Common", "DC.SF.Common\DC.SF.Common.csproj", "{A0272269-6C1E-4CDF-B2E8-8DA457D66166}"
EndProject
Project("{FAE04EC0-301F-11D3-BF4B-00C04F79EFBC}") = "DC.SF.PLC", "DC.SF.PLC\DC.SF.PLC.csproj", "{80703B0C-7678-431F-A4FC-08BD724F6045}"
EndProject
Project("{FAE04EC0-301F-11D3-BF4B-00C04F79EFBC}") = "DC.SF.MES", "DC.SF.MES\DC.SF.MES.csproj", "{4E044198-CDB8-458E-929D-4F82A01743B7}"
EndProject
Project("{FAE04EC0-301F-11D3-BF4B-00C04F79EFBC}") = "DC.SF.FlowControl", "DC.SF.FlowControl\DC.SF.FlowControl.csproj", "{B38182E8-1E79-429A-94F8-5860EDA563FC}"
EndProject
Project("{FAE04EC0-301F-11D3-BF4B-00C04F79EFBC}") = "DC.SF.DataLibrary", "DC.SF.DataLibrary\DC.SF.DataLibrary.csproj", "{35E4FB41-D482-4E2D-B378-D95D9BEBF954}"
EndProject
Project("{FAE04EC0-301F-11D3-BF4B-00C04F79EFBC}") = "DC.SF.Client", "DC.SF.Client\DC.SF.Client.csproj", "{F2DD003B-E8B2-4DF0-9E13-AD7CFF58B22E}"
EndProject
Project("{FAE04EC0-301F-11D3-BF4B-00C04F79EFBC}") = "DC.SF.UI", "DC.SF.UI\DC.SF.UI.csproj", "{D9FBFF4C-349D-4724-9CB8-F10713807C62}"
EndProject
Global
	GlobalSection(SolutionConfigurationPlatforms) = preSolution
		Debug|Any CPU = Debug|Any CPU
		Debug2|Any CPU = Debug2|Any CPU
		Release|Any CPU = Release|Any CPU
	EndGlobalSection
	GlobalSection(ProjectConfigurationPlatforms) = postSolution
		{A785B061-7D44-40C0-B906-7794FA87801E}.Debug|Any CPU.ActiveCfg = Debug|Any CPU
		{A785B061-7D44-40C0-B906-7794FA87801E}.Debug|Any CPU.Build.0 = Debug|Any CPU
		{A785B061-7D44-40C0-B906-7794FA87801E}.Debug2|Any CPU.ActiveCfg = Debug2|Any CPU
		{A785B061-7D44-40C0-B906-7794FA87801E}.Debug2|Any CPU.Build.0 = Debug2|Any CPU
		{A785B061-7D44-40C0-B906-7794FA87801E}.Release|Any CPU.ActiveCfg = Release|Any CPU
		{A785B061-7D44-40C0-B906-7794FA87801E}.Release|Any CPU.Build.0 = Release|Any CPU
		{E4E6AACC-C5ED-4499-8D83-DA1D9D7F469D}.Debug|Any CPU.ActiveCfg = Debug|Any CPU
		{E4E6AACC-C5ED-4499-8D83-DA1D9D7F469D}.Debug|Any CPU.Build.0 = Debug|Any CPU
		{E4E6AACC-C5ED-4499-8D83-DA1D9D7F469D}.Debug2|Any CPU.ActiveCfg = Debug2|Any CPU
		{E4E6AACC-C5ED-4499-8D83-DA1D9D7F469D}.Debug2|Any CPU.Build.0 = Debug2|Any CPU
		{E4E6AACC-C5ED-4499-8D83-DA1D9D7F469D}.Release|Any CPU.ActiveCfg = Release|Any CPU
		{E4E6AACC-C5ED-4499-8D83-DA1D9D7F469D}.Release|Any CPU.Build.0 = Release|Any CPU
		{9B4FD94C-02DB-4D4D-9804-89FAA3FA284E}.Debug|Any CPU.ActiveCfg = Debug|Any CPU
		{9B4FD94C-02DB-4D4D-9804-89FAA3FA284E}.Debug|Any CPU.Build.0 = Debug|Any CPU
		{9B4FD94C-02DB-4D4D-9804-89FAA3FA284E}.Debug2|Any CPU.ActiveCfg = Debug2|Any CPU
		{9B4FD94C-02DB-4D4D-9804-89FAA3FA284E}.Debug2|Any CPU.Build.0 = Debug2|Any CPU
		{9B4FD94C-02DB-4D4D-9804-89FAA3FA284E}.Release|Any CPU.ActiveCfg = Release|Any CPU
		{9B4FD94C-02DB-4D4D-9804-89FAA3FA284E}.Release|Any CPU.Build.0 = Release|Any CPU
		{A0272269-6C1E-4CDF-B2E8-8DA457D66166}.Debug|Any CPU.ActiveCfg = Debug|Any CPU
		{A0272269-6C1E-4CDF-B2E8-8DA457D66166}.Debug|Any CPU.Build.0 = Debug|Any CPU
		{A0272269-6C1E-4CDF-B2E8-8DA457D66166}.Debug2|Any CPU.ActiveCfg = Debug2|Any CPU
		{A0272269-6C1E-4CDF-B2E8-8DA457D66166}.Debug2|Any CPU.Build.0 = Debug2|Any CPU
		{A0272269-6C1E-4CDF-B2E8-8DA457D66166}.Release|Any CPU.ActiveCfg = Release|Any CPU
		{A0272269-6C1E-4CDF-B2E8-8DA457D66166}.Release|Any CPU.Build.0 = Release|Any CPU
		{80703B0C-7678-431F-A4FC-08BD724F6045}.Debug|Any CPU.ActiveCfg = Debug|Any CPU
		{80703B0C-7678-431F-A4FC-08BD724F6045}.Debug|Any CPU.Build.0 = Debug|Any CPU
		{80703B0C-7678-431F-A4FC-08BD724F6045}.Debug2|Any CPU.ActiveCfg = Debug2|Any CPU
		{80703B0C-7678-431F-A4FC-08BD724F6045}.Debug2|Any CPU.Build.0 = Debug2|Any CPU
		{80703B0C-7678-431F-A4FC-08BD724F6045}.Release|Any CPU.ActiveCfg = Release|Any CPU
		{80703B0C-7678-431F-A4FC-08BD724F6045}.Release|Any CPU.Build.0 = Release|Any CPU
		{4E044198-CDB8-458E-929D-4F82A01743B7}.Debug|Any CPU.ActiveCfg = Debug|Any CPU
		{4E044198-CDB8-458E-929D-4F82A01743B7}.Debug|Any CPU.Build.0 = Debug|Any CPU
		{4E044198-CDB8-458E-929D-4F82A01743B7}.Debug2|Any CPU.ActiveCfg = Debug2|Any CPU
		{4E044198-CDB8-458E-929D-4F82A01743B7}.Debug2|Any CPU.Build.0 = Debug2|Any CPU
		{4E044198-CDB8-458E-929D-4F82A01743B7}.Release|Any CPU.ActiveCfg = Release|Any CPU
		{4E044198-CDB8-458E-929D-4F82A01743B7}.Release|Any CPU.Build.0 = Release|Any CPU
		{B38182E8-1E79-429A-94F8-5860EDA563FC}.Debug|Any CPU.ActiveCfg = Debug|Any CPU
		{B38182E8-1E79-429A-94F8-5860EDA563FC}.Debug|Any CPU.Build.0 = Debug|Any CPU
		{B38182E8-1E79-429A-94F8-5860EDA563FC}.Debug2|Any CPU.ActiveCfg = Debug2|Any CPU
		{B38182E8-1E79-429A-94F8-5860EDA563FC}.Debug2|Any CPU.Build.0 = Debug2|Any CPU
		{B38182E8-1E79-429A-94F8-5860EDA563FC}.Release|Any CPU.ActiveCfg = Release|Any CPU
		{B38182E8-1E79-429A-94F8-5860EDA563FC}.Release|Any CPU.Build.0 = Release|Any CPU
		{35E4FB41-D482-4E2D-B378-D95D9BEBF954}.Debug|Any CPU.ActiveCfg = Debug|Any CPU
		{35E4FB41-D482-4E2D-B378-D95D9BEBF954}.Debug|Any CPU.Build.0 = Debug|Any CPU
		{35E4FB41-D482-4E2D-B378-D95D9BEBF954}.Debug2|Any CPU.ActiveCfg = Debug2|Any CPU
		{35E4FB41-D482-4E2D-B378-D95D9BEBF954}.Debug2|Any CPU.Build.0 = Debug2|Any CPU
		{35E4FB41-D482-4E2D-B378-D95D9BEBF954}.Release|Any CPU.ActiveCfg = Release|Any CPU
		{35E4FB41-D482-4E2D-B378-D95D9BEBF954}.Release|Any CPU.Build.0 = Release|Any CPU
		{F2DD003B-E8B2-4DF0-9E13-AD7CFF58B22E}.Debug|Any CPU.ActiveCfg = Debug|Any CPU
		{F2DD003B-E8B2-4DF0-9E13-AD7CFF58B22E}.Debug|Any CPU.Build.0 = Debug|Any CPU
		{F2DD003B-E8B2-4DF0-9E13-AD7CFF58B22E}.Debug2|Any CPU.ActiveCfg = Debug|Any CPU
		{F2DD003B-E8B2-4DF0-9E13-AD7CFF58B22E}.Release|Any CPU.ActiveCfg = Release|Any CPU
		{F2DD003B-E8B2-4DF0-9E13-AD7CFF58B22E}.Release|Any CPU.Build.0 = Release|Any CPU
		{D9FBFF4C-349D-4724-9CB8-F10713807C62}.Debug|Any CPU.ActiveCfg = Debug|Any CPU
		{D9FBFF4C-349D-4724-9CB8-F10713807C62}.Debug|Any CPU.Build.0 = Debug|Any CPU
		{D9FBFF4C-349D-4724-9CB8-F10713807C62}.Debug2|Any CPU.ActiveCfg = Debug2|Any CPU
		{D9FBFF4C-349D-4724-9CB8-F10713807C62}.Debug2|Any CPU.Build.0 = Debug2|Any CPU
		{D9FBFF4C-349D-4724-9CB8-F10713807C62}.Release|Any CPU.ActiveCfg = Release|Any CPU
		{D9FBFF4C-349D-4724-9CB8-F10713807C62}.Release|Any CPU.Build.0 = Release|Any CPU
	EndGlobalSection
	GlobalSection(SolutionProperties) = preSolution
		HideSolutionNode = FALSE
	EndGlobalSection
	GlobalSection(ExtensibilityGlobals) = postSolution
		SolutionGuid = {A4FF0E83-D735-4270-84E0-C75184A3A991}
	EndGlobalSection
EndGlobal
